
Microsoft Visual Studio Solution File, Format Version 12.00
# Visual Studio Version 17
VisualStudioVersion = 17.0.31903.59
MinimumVisualStudioVersion = 10.0.40219.1
Project("{FAE04EC0-301F-11D3-BF4B-00C04F79EFBC}") = "Domain", "Domain\Domain.csproj", "{F03BD9DE-DFE8-402C-9353-74679EE83311}"
EndProject
Project("{FAE04EC0-301F-11D3-BF4B-00C04F79EFBC}") = "MyProject", "MyProject\MyProject.csproj", "{886434A1-C406-4F95-BC0B-0DD8988B119B}"
EndProject
Global
	GlobalSection(SolutionConfigurationPlatforms) = preSolution
		Debug|Any CPU = Debug|Any CPU
		Release|Any CPU = Release|Any CPU
	EndGlobalSection
	GlobalSection(SolutionProperties) = preSolution
		HideSolutionNode = FALSE
	EndGlobalSection
	GlobalSection(ProjectConfigurationPlatforms) = postSolution
		{F03BD9DE-DFE8-402C-9353-74679EE83311}.Debug|Any CPU.ActiveCfg = Debug|Any CPU
		{F03BD9DE-DFE8-402C-9353-74679EE83311}.Debug|Any CPU.Build.0 = Debug|Any CPU
		{F03BD9DE-DFE8-402C-9353-74679EE83311}.Release|Any CPU.ActiveCfg = Release|Any CPU
		{F03BD9DE-DFE8-402C-9353-74679EE83311}.Release|Any CPU.Build.0 = Release|Any CPU
		{886434A1-C406-4F95-BC0B-0DD8988B119B}.Debug|Any CPU.ActiveCfg = Debug|Any CPU
		{886434A1-C406-4F95-BC0B-0DD8988B119B}.Debug|Any CPU.Build.0 = Debug|Any CPU
		{886434A1-C406-4F95-BC0B-0DD8988B119B}.Release|Any CPU.ActiveCfg = Release|Any CPU
		{886434A1-C406-4F95-BC0B-0DD8988B119B}.Release|Any CPU.Build.0 = Release|Any CPU
	EndGlobalSection
EndGlobal
